
Microsoft Visual Studio Solution File, Format Version 12.00
# Visual Studio Version 17
VisualStudioVersion = 17.11.35327.3
MinimumVisualStudioVersion = 10.0.40219.1
Project("{FAE04EC0-301F-11D3-BF4B-00C04F79EFBC}") = "webapp", "webapp\webapp.csproj", "{5156A9C8-E8EC-4F44-AC0B-F10328F50393}"
EndProject
Global
	GlobalSection(SolutionConfigurationPlatforms) = preSolution
		Debug|Any CPU = Debug|Any CPU
		Release|Any CPU = Release|Any CPU
	EndGlobalSection
	GlobalSection(ProjectConfigurationPlatforms) = postSolution
		{5156A9C8-E8EC-4F44-AC0B-F10328F50393}.Debug|Any CPU.ActiveCfg = Debug|Any CPU
		{5156A9C8-E8EC-4F44-AC0B-F10328F50393}.Debug|Any CPU.Build.0 = Debug|Any CPU
		{5156A9C8-E8EC-4F44-AC0B-F10328F50393}.Release|Any CPU.ActiveCfg = Release|Any CPU
		{5156A9C8-E8EC-4F44-AC0B-F10328F50393}.Release|Any CPU.Build.0 = Release|Any CPU
	EndGlobalSection
	GlobalSection(SolutionProperties) = preSolution
		HideSolutionNode = FALSE
	EndGlobalSection
	GlobalSection(ExtensibilityGlobals) = postSolution
		SolutionGuid = {34AA3F54-E06E-496E-83B6-4741EDD03A8E}
	EndGlobalSection
EndGlobal
